
Microsoft Visual Studio Solution File, Format Version 12.00
# Visual Studio Version 17
VisualStudioVersion = 17.5.33414.496
MinimumVisualStudioVersion = 10.0.40219.1
Project("{2150E333-8FDC-42A3-9474-1A3956D46DE8}") = "Algorithms", "Algorithms", "{8F8FBA31-3765-430E-9B25-E16618F2FB55}"
EndProject
Project("{2150E333-8FDC-42A3-9474-1A3956D46DE8}") = "Sort", "Sort", "{11A9DC27-BB0F-4D6A-B618-6BD0A3194740}"
EndProject
Project("{2150E333-8FDC-42A3-9474-1A3956D46DE8}") = "BubbleSort", "BubbleSort", "{A7E90E82-DC29-4062-B510-DFACE76E801C}"
EndProject
Project("{9A19103F-16F7-4668-BE54-9A1E7A4F7556}") = "BubbleSort", "Algorithms\Sort\BubbleSort\BubbleSort.csproj", "{CC50CF1D-350C-445D-B52A-B5C5F3A37509}"
EndProject
Project("{2150E333-8FDC-42A3-9474-1A3956D46DE8}") = "InsertionSort", "InsertionSort", "{DB92A9F4-10E7-4C8F-9F86-859D51228AEE}"
EndProject
Project("{9A19103F-16F7-4668-BE54-9A1E7A4F7556}") = "InsertionSort", "Algorithms\Sort\InsertionSort\InsertionSort.csproj", "{62693B73-081E-4678-8EDB-85792374A0AE}"
EndProject
Project("{2150E333-8FDC-42A3-9474-1A3956D46DE8}") = "MergeSort", "MergeSort", "{D6D9D240-3848-4347-8E61-B12B0AE74164}"
EndProject
Project("{9A19103F-16F7-4668-BE54-9A1E7A4F7556}") = "MergeSort", "Algorithms\Sort\MergeSort\MergeSort.csproj", "{AD54D4E1-AA7E-4621-856A-5D7A725E5C52}"
EndProject
Project("{2150E333-8FDC-42A3-9474-1A3956D46DE8}") = "QuickSort", "QuickSort", "{C40FA9E0-3F5D-44B8-9040-5A535FD9E1E5}"
EndProject
Project("{9A19103F-16F7-4668-BE54-9A1E7A4F7556}") = "QuickSort", "Algorithms\Sort\QuickSort\QuickSort.csproj", "{C47E0944-1D35-4AF7-977C-C2E467FDD353}"
EndProject
Project("{2150E333-8FDC-42A3-9474-1A3956D46DE8}") = "SelectionSort", "SelectionSort", "{2187A945-785C-4BBF-AEB8-C0303B9F37E3}"
EndProject
Project("{9A19103F-16F7-4668-BE54-9A1E7A4F7556}") = "SelectionSort", "Algorithms\Sort\SelectionSort\SelectionSort.csproj", "{1A05730F-4C2F-443D-B908-D24C4D13E50B}"
EndProject
Project("{2150E333-8FDC-42A3-9474-1A3956D46DE8}") = "ShellSort", "ShellSort", "{2D41A09B-0ABF-412B-B60F-A38DFA5F21F8}"
EndProject
Project("{9A19103F-16F7-4668-BE54-9A1E7A4F7556}") = "ShellSort", "Algorithms\Sort\ShellSort\ShellSort.csproj", "{26C484E4-E2D8-435D-80F8-D39D581EE457}"
EndProject
Project("{2150E333-8FDC-42A3-9474-1A3956D46DE8}") = "RadixSort", "RadixSort", "{A797C240-6F26-4241-AF62-FCDA8C096839}"
EndProject
Project("{9A19103F-16F7-4668-BE54-9A1E7A4F7556}") = "RadixSort", "Algorithms\Sort\RadixSort\RadixSort.csproj", "{E3067E6C-9F75-4628-94C2-9B5277E68BA7}"
EndProject
Project("{2150E333-8FDC-42A3-9474-1A3956D46DE8}") = "Search", "Search", "{590D6E0D-92A8-438E-855B-6EC60B71F935}"
EndProject
Project("{2150E333-8FDC-42A3-9474-1A3956D46DE8}") = "LinearSearch", "LinearSearch", "{5F476DFC-9B17-4743-B624-C00535AE0B17}"
EndProject
Project("{9A19103F-16F7-4668-BE54-9A1E7A4F7556}") = "LinearSearch", "Algorithms\Search\LinearSearch\LinearSearch.csproj", "{9CFF7C75-5F31-4D57-9D0B-0AC058D9AEAE}"
EndProject
Project("{2150E333-8FDC-42A3-9474-1A3956D46DE8}") = "BinarySearch", "BinarySearch", "{ABE605FE-0E1D-4AB7-8313-67D1F31C8B43}"
EndProject
Project("{9A19103F-16F7-4668-BE54-9A1E7A4F7556}") = "BinarySearch", "Algorithms\Search\BinarySearch\BinarySearch.csproj", "{E2A56B43-1A20-4F2E-AA16-365F289BF372}"
EndProject
Project("{2150E333-8FDC-42A3-9474-1A3956D46DE8}") = "Recursion", "Recursion", "{BE80A554-6C6A-40ED-AC1B-93017DDD7973}"
EndProject
Project("{9A19103F-16F7-4668-BE54-9A1E7A4F7556}") = "Recursion", "Algorithms\Recursion\Recursion\Recursion.csproj", "{4DC0B5C1-D687-4412-BDCC-219BCA534076}"
EndProject
Project("{2150E333-8FDC-42A3-9474-1A3956D46DE8}") = "Graph", "Graph", "{A081900F-6B02-49DE-827F-B85173D2C0D6}"
EndProject
Project("{9A19103F-16F7-4668-BE54-9A1E7A4F7556}") = "Breadth-firstSearch", "Algorithms\Graph\Breadth-firstSearch\Breadth-firstSearch.csproj", "{084A6488-B207-4A5A-A2AE-2DB03FCD14E4}"
EndProject
Project("{2150E333-8FDC-42A3-9474-1A3956D46DE8}") = "Breadth-firstSearch", "Breadth-firstSearch", "{B471B9BD-0C8A-4296-A281-F24791489722}"
EndProject
Project("{2150E333-8FDC-42A3-9474-1A3956D46DE8}") = "Depth-firstSearch", "Depth-firstSearch", "{7691D931-9E8A-4206-BBD0-419D14AAC6EB}"
EndProject
Project("{9A19103F-16F7-4668-BE54-9A1E7A4F7556}") = "Depth-firstSearch", "Algorithms\Graph\Depth-firstSearch\Depth-firstSearch.csproj", "{8841BF71-CE01-4AA5-88CB-59699F05A68D}"
EndProject
Project("{2150E333-8FDC-42A3-9474-1A3956D46DE8}") = "Dijkstra", "Dijkstra", "{6800D4ED-721B-46DF-AF3F-CE898067AD24}"
EndProject
Project("{FAE04EC0-301F-11D3-BF4B-00C04F79EFBC}") = "Dijkstra", "Algorithms\Graph\Dijkstra\Dijkstra.csproj", "{5DF1E7D4-3A4B-42D2-8FC9-E88E5EF2B6A5}"
EndProject
Project("{2150E333-8FDC-42A3-9474-1A3956D46DE8}") = "DataStructures", "DataStructures", "{BC7362C5-BEA4-4DF9-BDFC-8B07C591AF48}"
EndProject
Project("{2150E333-8FDC-42A3-9474-1A3956D46DE8}") = "Queue", "Queue", "{A5AE3F93-1DC7-434D-9918-29EC056DFAD1}"
EndProject
Project("{2150E333-8FDC-42A3-9474-1A3956D46DE8}") = "Stack", "Stack", "{5BD6097B-0B37-4658-A211-A39867C34090}"
EndProject
Project("{2150E333-8FDC-42A3-9474-1A3956D46DE8}") = "Heap", "Heap", "{83ADF0B5-8CA2-49DF-BA52-3067D1C3FF78}"
EndProject
Project("{2150E333-8FDC-42A3-9474-1A3956D46DE8}") = "LinkedList", "LinkedList", "{C9372DD7-375E-4A9E-9AEB-0E37982BB463}"
EndProject
Project("{2150E333-8FDC-42A3-9474-1A3956D46DE8}") = "Array", "Array", "{69444B28-8A5D-4B04-BA8B-02965920FDF1}"
EndProject
Project("{2150E333-8FDC-42A3-9474-1A3956D46DE8}") = "Tree", "Tree", "{5324F1D1-2BD4-480F-A80E-66151D3A140D}"
EndProject
Project("{2150E333-8FDC-42A3-9474-1A3956D46DE8}") = "HashTable", "HashTable", "{F2CCF9F5-3E6D-4A97-A6E1-4AF88DE061E7}"
EndProject
Project("{2150E333-8FDC-42A3-9474-1A3956D46DE8}") = "Graph", "Graph", "{BE37D9F7-4EFD-4D1A-BCBF-95C32912D75A}"
EndProject
Project("{FAE04EC0-301F-11D3-BF4B-00C04F79EFBC}") = "MaxHeap", "DataStructures\Heap\Heap\MaxHeap.csproj", "{BF1A4610-0031-4F73-BBDD-C72476AE9753}"
EndProject
Project("{FAE04EC0-301F-11D3-BF4B-00C04F79EFBC}") = "Stack", "DataStructures\Stack\Stack\Stack.csproj", "{AAB36028-D51A-4C36-90BD-F4C776438BD9}"
EndProject
Project("{FAE04EC0-301F-11D3-BF4B-00C04F79EFBC}") = "Queue", "DataStructures\Queue\Queue\Queue.csproj", "{8DCCEFF0-C14B-4CC7-A45B-845AAE0255B4}"
EndProject
Project("{FAE04EC0-301F-11D3-BF4B-00C04F79EFBC}") = "Array", "DataStructures\Array\Array\Array.csproj", "{9D4E1041-6048-4A6E-89AA-0E31338D4882}"
EndProject
Project("{FAE04EC0-301F-11D3-BF4B-00C04F79EFBC}") = "LinkedList", "DataStructures\LinkedList\LinkedList\LinkedList.csproj", "{719FEB83-A731-48A2-BBAE-B1C4FB1B4BA4}"
EndProject
Project("{FAE04EC0-301F-11D3-BF4B-00C04F79EFBC}") = "HashTable", "DataStructures\HashTable\HashTable\HashTable.csproj", "{543D3962-37FB-47D3-BE58-15691736BAD1}"
EndProject
Project("{FAE04EC0-301F-11D3-BF4B-00C04F79EFBC}") = "BinarySearchTree", "DataStructures\Tree\BinarySearchTree\BinarySearchTree.csproj", "{0A62948B-F3C2-4D50-906A-8924CE3DB148}"
EndProject
Project("{FAE04EC0-301F-11D3-BF4B-00C04F79EFBC}") = "UndirectedGraph", "DataStructures\Graph\UndirectedGraph\UndirectedGraph.csproj", "{E3C98495-D742-44FC-BC96-9565BC0394EA}"
EndProject
Global
	GlobalSection(SolutionConfigurationPlatforms) = preSolution
		Debug|Any CPU = Debug|Any CPU
		Release|Any CPU = Release|Any CPU
	EndGlobalSection
	GlobalSection(ProjectConfigurationPlatforms) = postSolution
		{CC50CF1D-350C-445D-B52A-B5C5F3A37509}.Debug|Any CPU.ActiveCfg = Debug|Any CPU
		{CC50CF1D-350C-445D-B52A-B5C5F3A37509}.Debug|Any CPU.Build.0 = Debug|Any CPU
		{CC50CF1D-350C-445D-B52A-B5C5F3A37509}.Release|Any CPU.ActiveCfg = Release|Any CPU
		{CC50CF1D-350C-445D-B52A-B5C5F3A37509}.Release|Any CPU.Build.0 = Release|Any CPU
		{62693B73-081E-4678-8EDB-85792374A0AE}.Debug|Any CPU.ActiveCfg = Debug|Any CPU
		{62693B73-081E-4678-8EDB-85792374A0AE}.Debug|Any CPU.Build.0 = Debug|Any CPU
		{62693B73-081E-4678-8EDB-85792374A0AE}.Release|Any CPU.ActiveCfg = Release|Any CPU
		{62693B73-081E-4678-8EDB-85792374A0AE}.Release|Any CPU.Build.0 = Release|Any CPU
		{AD54D4E1-AA7E-4621-856A-5D7A725E5C52}.Debug|Any CPU.ActiveCfg = Debug|Any CPU
		{AD54D4E1-AA7E-4621-856A-5D7A725E5C52}.Debug|Any CPU.Build.0 = Debug|Any CPU
		{AD54D4E1-AA7E-4621-856A-5D7A725E5C52}.Release|Any CPU.ActiveCfg = Release|Any CPU
		{AD54D4E1-AA7E-4621-856A-5D7A725E5C52}.Release|Any CPU.Build.0 = Release|Any CPU
		{C47E0944-1D35-4AF7-977C-C2E467FDD353}.Debug|Any CPU.ActiveCfg = Debug|Any CPU
		{C47E0944-1D35-4AF7-977C-C2E467FDD353}.Debug|Any CPU.Build.0 = Debug|Any CPU
		{C47E0944-1D35-4AF7-977C-C2E467FDD353}.Release|Any CPU.ActiveCfg = Release|Any CPU
		{C47E0944-1D35-4AF7-977C-C2E467FDD353}.Release|Any CPU.Build.0 = Release|Any CPU
		{1A05730F-4C2F-443D-B908-D24C4D13E50B}.Debug|Any CPU.ActiveCfg = Debug|Any CPU
		{1A05730F-4C2F-443D-B908-D24C4D13E50B}.Debug|Any CPU.Build.0 = Debug|Any CPU
		{1A05730F-4C2F-443D-B908-D24C4D13E50B}.Release|Any CPU.ActiveCfg = Release|Any CPU
		{1A05730F-4C2F-443D-B908-D24C4D13E50B}.Release|Any CPU.Build.0 = Release|Any CPU
		{26C484E4-E2D8-435D-80F8-D39D581EE457}.Debug|Any CPU.ActiveCfg = Debug|Any CPU
		{26C484E4-E2D8-435D-80F8-D39D581EE457}.Debug|Any CPU.Build.0 = Debug|Any CPU
		{26C484E4-E2D8-435D-80F8-D39D581EE457}.Release|Any CPU.ActiveCfg = Release|Any CPU
		{26C484E4-E2D8-435D-80F8-D39D581EE457}.Release|Any CPU.Build.0 = Release|Any CPU
		{E3067E6C-9F75-4628-94C2-9B5277E68BA7}.Debug|Any CPU.ActiveCfg = Debug|Any CPU
		{E3067E6C-9F75-4628-94C2-9B5277E68BA7}.Debug|Any CPU.Build.0 = Debug|Any CPU
		{E3067E6C-9F75-4628-94C2-9B5277E68BA7}.Release|Any CPU.ActiveCfg = Release|Any CPU
		{E3067E6C-9F75-4628-94C2-9B5277E68BA7}.Release|Any CPU.Build.0 = Release|Any CPU
		{9CFF7C75-5F31-4D57-9D0B-0AC058D9AEAE}.Debug|Any CPU.ActiveCfg = Debug|Any CPU
		{9CFF7C75-5F31-4D57-9D0B-0AC058D9AEAE}.Debug|Any CPU.Build.0 = Debug|Any CPU
		{9CFF7C75-5F31-4D57-9D0B-0AC058D9AEAE}.Release|Any CPU.ActiveCfg = Release|Any CPU
		{9CFF7C75-5F31-4D57-9D0B-0AC058D9AEAE}.Release|Any CPU.Build.0 = Release|Any CPU
		{E2A56B43-1A20-4F2E-AA16-365F289BF372}.Debug|Any CPU.ActiveCfg = Debug|Any CPU
		{E2A56B43-1A20-4F2E-AA16-365F289BF372}.Debug|Any CPU.Build.0 = Debug|Any CPU
		{E2A56B43-1A20-4F2E-AA16-365F289BF372}.Release|Any CPU.ActiveCfg = Release|Any CPU
		{E2A56B43-1A20-4F2E-AA16-365F289BF372}.Release|Any CPU.Build.0 = Release|Any CPU
		{4DC0B5C1-D687-4412-BDCC-219BCA534076}.Debug|Any CPU.ActiveCfg = Debug|Any CPU
		{4DC0B5C1-D687-4412-BDCC-219BCA534076}.Debug|Any CPU.Build.0 = Debug|Any CPU
		{4DC0B5C1-D687-4412-BDCC-219BCA534076}.Release|Any CPU.ActiveCfg = Release|Any CPU
		{4DC0B5C1-D687-4412-BDCC-219BCA534076}.Release|Any CPU.Build.0 = Release|Any CPU
		{084A6488-B207-4A5A-A2AE-2DB03FCD14E4}.Debug|Any CPU.ActiveCfg = Debug|Any CPU
		{084A6488-B207-4A5A-A2AE-2DB03FCD14E4}.Debug|Any CPU.Build.0 = Debug|Any CPU
		{084A6488-B207-4A5A-A2AE-2DB03FCD14E4}.Release|Any CPU.ActiveCfg = Release|Any CPU
		{084A6488-B207-4A5A-A2AE-2DB03FCD14E4}.Release|Any CPU.Build.0 = Release|Any CPU
		{8841BF71-CE01-4AA5-88CB-59699F05A68D}.Debug|Any CPU.ActiveCfg = Debug|Any CPU
		{8841BF71-CE01-4AA5-88CB-59699F05A68D}.Debug|Any CPU.Build.0 = Debug|Any CPU
		{8841BF71-CE01-4AA5-88CB-59699F05A68D}.Release|Any CPU.ActiveCfg = Release|Any CPU
		{8841BF71-CE01-4AA5-88CB-59699F05A68D}.Release|Any CPU.Build.0 = Release|Any CPU
		{5DF1E7D4-3A4B-42D2-8FC9-E88E5EF2B6A5}.Debug|Any CPU.ActiveCfg = Debug|Any CPU
		{5DF1E7D4-3A4B-42D2-8FC9-E88E5EF2B6A5}.Debug|Any CPU.Build.0 = Debug|Any CPU
		{5DF1E7D4-3A4B-42D2-8FC9-E88E5EF2B6A5}.Release|Any CPU.ActiveCfg = Release|Any CPU
		{5DF1E7D4-3A4B-42D2-8FC9-E88E5EF2B6A5}.Release|Any CPU.Build.0 = Release|Any CPU
		{BF1A4610-0031-4F73-BBDD-C72476AE9753}.Debug|Any CPU.ActiveCfg = Debug|Any CPU
		{BF1A4610-0031-4F73-BBDD-C72476AE9753}.Debug|Any CPU.Build.0 = Debug|Any CPU
		{BF1A4610-0031-4F73-BBDD-C72476AE9753}.Release|Any CPU.ActiveCfg = Release|Any CPU
		{BF1A4610-0031-4F73-BBDD-C72476AE9753}.Release|Any CPU.Build.0 = Release|Any CPU
		{AAB36028-D51A-4C36-90BD-F4C776438BD9}.Debug|Any CPU.ActiveCfg = Debug|Any CPU
		{AAB36028-D51A-4C36-90BD-F4C776438BD9}.Debug|Any CPU.Build.0 = Debug|Any CPU
		{AAB36028-D51A-4C36-90BD-F4C776438BD9}.Release|Any CPU.ActiveCfg = Release|Any CPU
		{AAB36028-D51A-4C36-90BD-F4C776438BD9}.Release|Any CPU.Build.0 = Release|Any CPU
		{8DCCEFF0-C14B-4CC7-A45B-845AAE0255B4}.Debug|Any CPU.ActiveCfg = Debug|Any CPU
		{8DCCEFF0-C14B-4CC7-A45B-845AAE0255B4}.Debug|Any CPU.Build.0 = Debug|Any CPU
		{8DCCEFF0-C14B-4CC7-A45B-845AAE0255B4}.Release|Any CPU.ActiveCfg = Release|Any CPU
		{8DCCEFF0-C14B-4CC7-A45B-845AAE0255B4}.Release|Any CPU.Build.0 = Release|Any CPU
		{9D4E1041-6048-4A6E-89AA-0E31338D4882}.Debug|Any CPU.ActiveCfg = Debug|Any CPU
		{9D4E1041-6048-4A6E-89AA-0E31338D4882}.Debug|Any CPU.Build.0 = Debug|Any CPU
		{9D4E1041-6048-4A6E-89AA-0E31338D4882}.Release|Any CPU.ActiveCfg = Release|Any CPU
		{9D4E1041-6048-4A6E-89AA-0E31338D4882}.Release|Any CPU.Build.0 = Release|Any CPU
		{719FEB83-A731-48A2-BBAE-B1C4FB1B4BA4}.Debug|Any CPU.ActiveCfg = Debug|Any CPU
		{719FEB83-A731-48A2-BBAE-B1C4FB1B4BA4}.Debug|Any CPU.Build.0 = Debug|Any CPU
		{719FEB83-A731-48A2-BBAE-B1C4FB1B4BA4}.Release|Any CPU.ActiveCfg = Release|Any CPU
		{719FEB83-A731-48A2-BBAE-B1C4FB1B4BA4}.Release|Any CPU.Build.0 = Release|Any CPU
		{543D3962-37FB-47D3-BE58-15691736BAD1}.Debug|Any CPU.ActiveCfg = Debug|Any CPU
		{543D3962-37FB-47D3-BE58-15691736BAD1}.Debug|Any CPU.Build.0 = Debug|Any CPU
		{543D3962-37FB-47D3-BE58-15691736BAD1}.Release|Any CPU.ActiveCfg = Release|Any CPU
		{543D3962-37FB-47D3-BE58-15691736BAD1}.Release|Any CPU.Build.0 = Release|Any CPU
		{0A62948B-F3C2-4D50-906A-8924CE3DB148}.Debug|Any CPU.ActiveCfg = Debug|Any CPU
		{0A62948B-F3C2-4D50-906A-8924CE3DB148}.Debug|Any CPU.Build.0 = Debug|Any CPU
		{0A62948B-F3C2-4D50-906A-8924CE3DB148}.Release|Any CPU.ActiveCfg = Release|Any CPU
		{0A62948B-F3C2-4D50-906A-8924CE3DB148}.Release|Any CPU.Build.0 = Release|Any CPU
		{E3C98495-D742-44FC-BC96-9565BC0394EA}.Debug|Any CPU.ActiveCfg = Debug|Any CPU
		{E3C98495-D742-44FC-BC96-9565BC0394EA}.Debug|Any CPU.Build.0 = Debug|Any CPU
		{E3C98495-D742-44FC-BC96-9565BC0394EA}.Release|Any CPU.ActiveCfg = Release|Any CPU
		{E3C98495-D742-44FC-BC96-9565BC0394EA}.Release|Any CPU.Build.0 = Release|Any CPU
	EndGlobalSection
	GlobalSection(SolutionProperties) = preSolution
		HideSolutionNode = FALSE
	EndGlobalSection
	GlobalSection(NestedProjects) = preSolution
		{11A9DC27-BB0F-4D6A-B618-6BD0A3194740} = {8F8FBA31-3765-430E-9B25-E16618F2FB55}
		{A7E90E82-DC29-4062-B510-DFACE76E801C} = {11A9DC27-BB0F-4D6A-B618-6BD0A3194740}
		{CC50CF1D-350C-445D-B52A-B5C5F3A37509} = {A7E90E82-DC29-4062-B510-DFACE76E801C}
		{DB92A9F4-10E7-4C8F-9F86-859D51228AEE} = {11A9DC27-BB0F-4D6A-B618-6BD0A3194740}
		{62693B73-081E-4678-8EDB-85792374A0AE} = {DB92A9F4-10E7-4C8F-9F86-859D51228AEE}
		{D6D9D240-3848-4347-8E61-B12B0AE74164} = {11A9DC27-BB0F-4D6A-B618-6BD0A3194740}
		{AD54D4E1-AA7E-4621-856A-5D7A725E5C52} = {D6D9D240-3848-4347-8E61-B12B0AE74164}
		{C40FA9E0-3F5D-44B8-9040-5A535FD9E1E5} = {11A9DC27-BB0F-4D6A-B618-6BD0A3194740}
		{C47E0944-1D35-4AF7-977C-C2E467FDD353} = {C40FA9E0-3F5D-44B8-9040-5A535FD9E1E5}
		{2187A945-785C-4BBF-AEB8-C0303B9F37E3} = {11A9DC27-BB0F-4D6A-B618-6BD0A3194740}
		{1A05730F-4C2F-443D-B908-D24C4D13E50B} = {2187A945-785C-4BBF-AEB8-C0303B9F37E3}
		{2D41A09B-0ABF-412B-B60F-A38DFA5F21F8} = {11A9DC27-BB0F-4D6A-B618-6BD0A3194740}
		{26C484E4-E2D8-435D-80F8-D39D581EE457} = {2D41A09B-0ABF-412B-B60F-A38DFA5F21F8}
		{A797C240-6F26-4241-AF62-FCDA8C096839} = {11A9DC27-BB0F-4D6A-B618-6BD0A3194740}
		{E3067E6C-9F75-4628-94C2-9B5277E68BA7} = {A797C240-6F26-4241-AF62-FCDA8C096839}
		{590D6E0D-92A8-438E-855B-6EC60B71F935} = {8F8FBA31-3765-430E-9B25-E16618F2FB55}
		{5F476DFC-9B17-4743-B624-C00535AE0B17} = {590D6E0D-92A8-438E-855B-6EC60B71F935}
		{9CFF7C75-5F31-4D57-9D0B-0AC058D9AEAE} = {5F476DFC-9B17-4743-B624-C00535AE0B17}
		{ABE605FE-0E1D-4AB7-8313-67D1F31C8B43} = {590D6E0D-92A8-438E-855B-6EC60B71F935}
		{E2A56B43-1A20-4F2E-AA16-365F289BF372} = {ABE605FE-0E1D-4AB7-8313-67D1F31C8B43}
		{BE80A554-6C6A-40ED-AC1B-93017DDD7973} = {8F8FBA31-3765-430E-9B25-E16618F2FB55}
		{4DC0B5C1-D687-4412-BDCC-219BCA534076} = {BE80A554-6C6A-40ED-AC1B-93017DDD7973}
		{A081900F-6B02-49DE-827F-B85173D2C0D6} = {8F8FBA31-3765-430E-9B25-E16618F2FB55}
		{084A6488-B207-4A5A-A2AE-2DB03FCD14E4} = {B471B9BD-0C8A-4296-A281-F24791489722}
		{B471B9BD-0C8A-4296-A281-F24791489722} = {A081900F-6B02-49DE-827F-B85173D2C0D6}
		{7691D931-9E8A-4206-BBD0-419D14AAC6EB} = {A081900F-6B02-49DE-827F-B85173D2C0D6}
		{8841BF71-CE01-4AA5-88CB-59699F05A68D} = {7691D931-9E8A-4206-BBD0-419D14AAC6EB}
		{6800D4ED-721B-46DF-AF3F-CE898067AD24} = {A081900F-6B02-49DE-827F-B85173D2C0D6}
		{5DF1E7D4-3A4B-42D2-8FC9-E88E5EF2B6A5} = {6800D4ED-721B-46DF-AF3F-CE898067AD24}
		{A5AE3F93-1DC7-434D-9918-29EC056DFAD1} = {BC7362C5-BEA4-4DF9-BDFC-8B07C591AF48}
		{5BD6097B-0B37-4658-A211-A39867C34090} = {BC7362C5-BEA4-4DF9-BDFC-8B07C591AF48}
		{83ADF0B5-8CA2-49DF-BA52-3067D1C3FF78} = {BC7362C5-BEA4-4DF9-BDFC-8B07C591AF48}
		{C9372DD7-375E-4A9E-9AEB-0E37982BB463} = {BC7362C5-BEA4-4DF9-BDFC-8B07C591AF48}
		{69444B28-8A5D-4B04-BA8B-02965920FDF1} = {BC7362C5-BEA4-4DF9-BDFC-8B07C591AF48}
		{5324F1D1-2BD4-480F-A80E-66151D3A140D} = {BC7362C5-BEA4-4DF9-BDFC-8B07C591AF48}
		{F2CCF9F5-3E6D-4A97-A6E1-4AF88DE061E7} = {BC7362C5-BEA4-4DF9-BDFC-8B07C591AF48}
		{BE37D9F7-4EFD-4D1A-BCBF-95C32912D75A} = {BC7362C5-BEA4-4DF9-BDFC-8B07C591AF48}
		{BF1A4610-0031-4F73-BBDD-C72476AE9753} = {83ADF0B5-8CA2-49DF-BA52-3067D1C3FF78}
		{AAB36028-D51A-4C36-90BD-F4C776438BD9} = {5BD6097B-0B37-4658-A211-A39867C34090}
		{8DCCEFF0-C14B-4CC7-A45B-845AAE0255B4} = {A5AE3F93-1DC7-434D-9918-29EC056DFAD1}
		{9D4E1041-6048-4A6E-89AA-0E31338D4882} = {69444B28-8A5D-4B04-BA8B-02965920FDF1}
		{719FEB83-A731-48A2-BBAE-B1C4FB1B4BA4} = {C9372DD7-375E-4A9E-9AEB-0E37982BB463}
		{543D3962-37FB-47D3-BE58-15691736BAD1} = {F2CCF9F5-3E6D-4A97-A6E1-4AF88DE061E7}
		{0A62948B-F3C2-4D50-906A-8924CE3DB148} = {5324F1D1-2BD4-480F-A80E-66151D3A140D}
		{E3C98495-D742-44FC-BC96-9565BC0394EA} = {BE37D9F7-4EFD-4D1A-BCBF-95C32912D75A}
	EndGlobalSection
	GlobalSection(ExtensibilityGlobals) = postSolution
		SolutionGuid = {C9546504-8EC8-4391-AEE1-191F97694D94}
	EndGlobalSection
EndGlobal
